<?xml version="1.0" encoding="utf-8"?>
<Project ToolsVersion="4.0" xmlns="http://schemas.microsoft.com/developer/msbuild/2003">
  <ItemGroup>
    <Filter Include="Application">
      <UniqueIdentifier>{93995380-89BD-4b04-88EB-625FBE52EBFB}</UniqueIdentifier>
      <Extensions>h;hh;hpp;hxx;hm;inl;inc;xsd</Extensions>
    </Filter>
    <Filter Include="Rendering">
      <UniqueIdentifier>{67DA6AB6-F800-4c08-8B7A-83BB121AAD01}</UniqueIdentifier>
      <Extensions>rc;ico;cur;bmp;dlg;rc2;rct;bin;rgs;gif;jpg;jpeg;jpe;resx;tiff;tif;png;wav;mfcribbon-ms</Extensions>
    </Filter>
    <Filter Include="Math">
      <UniqueIdentifier>{4FC737F1-C7A5-4376-A066-2A32D752A2FF}</UniqueIdentifier>
      <Extensions>cpp;c;cc;cxx;def;odl;idl;hpj;bat;asm;asmx</Extensions>
    </Filter>
    <Filter Include="Application\Globals">
      <UniqueIdentifier>{27d41288-dd27-47a9-b1e3-7fe645c93117}</UniqueIdentifier>
    </Filter>
    <Filter Include="Utilities">
      <UniqueIdentifier>{8870309d-b014-4d7f-9585-27f1ba138a31}</UniqueIdentifier>
    </Filter>
    <Filter Include="Utilities\Strings">
      <UniqueIdentifier>{5f11bf55-1c4a-4514-a0dd-a28720b0878d}</UniqueIdentifier>
    </Filter>
    <Filter Include="Collections">
      <UniqueIdentifier>{0f36afee-d7a1-4103-8321-f6f0a65e3085}</UniqueIdentifier>
    </Filter>
    <Filter Include="Utilities\Memory">
      <UniqueIdentifier>{93db1c6e-1502-4404-9894-ab919eed689e}</UniqueIdentifier>
    </Filter>
    <Filter Include="Utilities\Debugging">
      <UniqueIdentifier>{c01cd006-1c8e-4386-9082-3241f7f04a57}</UniqueIdentifier>
    </Filter>
    <Filter Include="Unit Testing">
      <UniqueIdentifier>{ace7b524-46af-4eab-8bff-9408519a1527}</UniqueIdentifier>
    </Filter>
    <Filter Include="Unit Testing\Unit Tests">
      <UniqueIdentifier>{989676ec-2e6e-4504-88e6-d073f989c8bc}</UniqueIdentifier>
    </Filter>
    <Filter Include="Communication">
      <UniqueIdentifier>{c196a31d-99c3-4d28-968c-75b01dda304f}</UniqueIdentifier>
    </Filter>
    <Filter Include="Input">
      <UniqueIdentifier>{72dad6a2-75d4-4a18-9c6b-4248e50d0079}</UniqueIdentifier>
    </Filter>
    <Filter Include="File">
      <UniqueIdentifier>{e790411a-5e8a-44d5-ba92-b083b7a48e3c}</UniqueIdentifier>
    </Filter>
    <Filter Include="Threading">
      <UniqueIdentifier>{4ecb97fe-4227-4742-86d5-f549803ad849}</UniqueIdentifier>
    </Filter>
    <Filter Include="Rendering\OpenGL 4.x">
      <UniqueIdentifier>{c0d58a06-573f-4a24-8afe-79a9bdbf5744}</UniqueIdentifier>
    </Filter>
    <Filter Include="Rendering\DirectX 11">
      <UniqueIdentifier>{739e35f5-ee38-4784-9c50-322b6fd9423a}</UniqueIdentifier>
    </Filter>
    <Filter Include="Tools">
      <UniqueIdentifier>{e269469b-2f81-46c2-8c06-3f15d384e521}</UniqueIdentifier>
    </Filter>
    <Filter Include="File\yaml-cpp">
      <UniqueIdentifier>{b0699c04-f382-49bf-98dc-0d7e1f7a5279}</UniqueIdentifier>
    </Filter>
    <Filter Include="File\yaml-cpp\contrib">
      <UniqueIdentifier>{264dbd02-4f59-4abf-a99f-d76b668a6b4e}</UniqueIdentifier>
    </Filter>
    <Filter Include="File\yaml-cpp\node">
      <UniqueIdentifier>{77ffa93b-68e2-4e41-8f9e-9d644a926e06}</UniqueIdentifier>
    </Filter>
    <Filter Include="File\yaml-cpp\node\detail">
      <UniqueIdentifier>{a23e8504-63a4-4f0f-b6e0-b643c5c0c189}</UniqueIdentifier>
    </Filter>
  </ItemGroup>
  <ItemGroup>
    <ClInclude Include="Source\Application\TCApplication.h">
      <Filter>Application</Filter>
    </ClInclude>
    <ClInclude Include="Source\Application\TCWindow.h">
      <Filter>Application</Filter>
    </ClInclude>
    <ClInclude Include="Source\Math\TCBoundingBox2D.h">
      <Filter>Math</Filter>
    </ClInclude>
    <ClInclude Include="Source\Math\TCPoint2D.h">
      <Filter>Math</Filter>
    </ClInclude>
    <ClInclude Include="Source\Application\TCResultCode.h">
      <Filter>Application</Filter>
    </ClInclude>
    <ClInclude Include="Source\Application\TCWindow.win32.h">
      <Filter>Application</Filter>
    </ClInclude>
    <ClInclude Include="Source\Application\Globals\TCPlatformPrecompilerSymbols.h">
      <Filter>Application\Globals</Filter>
    </ClInclude>
    <ClInclude Include="Source\Utilities\Strings\TCString.h">
      <Filter>Utilities\Strings</Filter>
    </ClInclude>
    <ClInclude Include="Source\Utilities\Strings\TCStringUtils.h">
      <Filter>Utilities\Strings</Filter>
    </ClInclude>
    <ClInclude Include="Source\Math\TCMathUtils.h">
      <Filter>Math</Filter>
    </ClInclude>
    <ClInclude Include="Source\Collections\TCList.h">
      <Filter>Collections</Filter>
    </ClInclude>
    <ClInclude Include="Source\Utilities\Memory\TCMemUtils.h">
      <Filter>Utilities\Memory</Filter>
    </ClInclude>
    <ClInclude Include="Source\Utilities\Debugging\TCLogger.h">
      <Filter>Utilities\Debugging</Filter>
    </ClInclude>
    <ClInclude Include="Source\Unit Testing\TCUnitTestManager.h">
      <Filter>Unit Testing</Filter>
    </ClInclude>
    <ClInclude Include="Source\Unit Testing\TCUnitTest.h">
      <Filter>Unit Testing</Filter>
    </ClInclude>
    <ClInclude Include="Source\Unit Testing\Unit Tests\TCList_UnitTest.h">
      <Filter>Unit Testing\Unit Tests</Filter>
    </ClInclude>
    <ClInclude Include="Source\Collections\TCHashFunctions.h">
      <Filter>Collections</Filter>
    </ClInclude>
    <ClInclude Include="Source\Collections\TCHashTable.h">
      <Filter>Collections</Filter>
    </ClInclude>
    <ClInclude Include="Source\Unit Testing\Unit Tests\TCHashTable_UnitTest.h">
      <Filter>Unit Testing\Unit Tests</Filter>
    </ClInclude>
    <ClInclude Include="Source\Communication\TCEventListener.h">
      <Filter>Communication</Filter>
    </ClInclude>
    <ClInclude Include="Source\Communication\TCEventDispatcher.h">
      <Filter>Communication</Filter>
    </ClInclude>
    <ClInclude Include="Source\Communication\TCSystemEvents.h">
      <Filter>Communication</Filter>
    </ClInclude>
    <ClInclude Include="Source\Unit Testing\Unit Tests\TCString_UnitTest.h">
      <Filter>Unit Testing\Unit Tests</Filter>
    </ClInclude>
    <ClInclude Include="Source\Math\TCVector2D.h">
      <Filter>Math</Filter>
    </ClInclude>
    <ClInclude Include="Source\Input\TCMouseInput.h">
      <Filter>Input</Filter>
    </ClInclude>
    <ClInclude Include="Source\Input\TCMouseInput.win32.h">
      <Filter>Input</Filter>
    </ClInclude>
    <ClInclude Include="Source\Input\TCInputManager.h">
      <Filter>Input</Filter>
    </ClInclude>
    <ClInclude Include="Source\Input\TCInputManager.win32.h">
      <Filter>Input</Filter>
    </ClInclude>
    <ClInclude Include="Source\Input\TCKeyboardInput.h">
      <Filter>Input</Filter>
    </ClInclude>
    <ClInclude Include="Source\Input\TCKeyCodes.h">
      <Filter>Input</Filter>
    </ClInclude>
    <ClInclude Include="Source\Input\TCKeyboardInput.win32.h">
      <Filter>Input</Filter>
    </ClInclude>
    <ClInclude Include="Source\File\TCFileManager.h">
      <Filter>File</Filter>
    </ClInclude>
    <ClInclude Include="Source\File\TCFile.h">
      <Filter>File</Filter>
    </ClInclude>
    <ClInclude Include="Source\File\TCFileManager.win32.h">
      <Filter>File</Filter>
    </ClInclude>
    <ClInclude Include="Source\File\TCFile.win32.h">
      <Filter>File</Filter>
    </ClInclude>
    <ClInclude Include="Source\Unit Testing\Unit Tests\TCFile_UnitTest.h">
      <Filter>Unit Testing\Unit Tests</Filter>
    </ClInclude>
    <ClInclude Include="Source\Threading\TCThread.h">
      <Filter>Threading</Filter>
    </ClInclude>
    <ClInclude Include="Source\Threading\TCThreadWin32.h">
      <Filter>Threading</Filter>
    </ClInclude>
    <ClInclude Include="Source\Rendering\TCGraphicsContext.h">
      <Filter>Rendering</Filter>
    </ClInclude>
    <ClInclude Include="Source\Rendering\TCRenderer.h">
      <Filter>Rendering</Filter>
    </ClInclude>
    <ClInclude Include="Source\Rendering\OpenGL 4.0\TCGraphicsContext_OGL.h">
      <Filter>Rendering\OpenGL 4.x</Filter>
    </ClInclude>
    <ClInclude Include="Source\Rendering\DirectX 11\TCGraphicsContext_DX11.h">
      <Filter>Rendering\DirectX 11</Filter>
    </ClInclude>
    <ClInclude Include="Source\Rendering\TCVertexFormat.h">
      <Filter>Rendering</Filter>
    </ClInclude>
    <ClInclude Include="Source\Rendering\TCVertexBuffer.h">
      <Filter>Rendering</Filter>
    </ClInclude>
    <ClInclude Include="Source\Rendering\IGraphicsResource.h">
      <Filter>Rendering</Filter>
    </ClInclude>
    <ClInclude Include="Source\Rendering\IGraphicsBuffer.h">
      <Filter>Rendering</Filter>
    </ClInclude>
    <ClInclude Include="Source\Rendering\TCIndexBuffer.h">
      <Filter>Rendering</Filter>
    </ClInclude>
    <ClInclude Include="Source\Rendering\TCShaderProgram.h">
      <Filter>Rendering</Filter>
    </ClInclude>
    <ClInclude Include="Source\Rendering\TCShaderUniform.h">
      <Filter>Rendering</Filter>
    </ClInclude>
    <ClInclude Include="Source\Rendering\TCConstantBuffer.h">
      <Filter>Rendering</Filter>
    </ClInclude>
    <ClInclude Include="Source\Rendering\TCShaderAttribute.h">
      <Filter>Rendering</Filter>
    </ClInclude>
    <ClInclude Include="Source\File\TCShaderImporter.h">
      <Filter>File</Filter>
    </ClInclude>
    <ClInclude Include="Source\File\yaml-cpp\anchor.h">
      <Filter>File\yaml-cpp</Filter>
    </ClInclude>
    <ClInclude Include="Source\File\yaml-cpp\binary.h">
      <Filter>File\yaml-cpp</Filter>
    </ClInclude>
    <ClInclude Include="Source\File\yaml-cpp\dll.h">
      <Filter>File\yaml-cpp</Filter>
    </ClInclude>
    <ClInclude Include="Source\File\yaml-cpp\emitfromevents.h">
      <Filter>File\yaml-cpp</Filter>
    </ClInclude>
    <ClInclude Include="Source\File\yaml-cpp\emitter.h">
      <Filter>File\yaml-cpp</Filter>
    </ClInclude>
    <ClInclude Include="Source\File\yaml-cpp\emitterdef.h">
      <Filter>File\yaml-cpp</Filter>
    </ClInclude>
    <ClInclude Include="Source\File\yaml-cpp\emittermanip.h">
      <Filter>File\yaml-cpp</Filter>
    </ClInclude>
    <ClInclude Include="Source\File\yaml-cpp\emitterstyle.h">
      <Filter>File\yaml-cpp</Filter>
    </ClInclude>
    <ClInclude Include="Source\File\yaml-cpp\eventhandler.h">
      <Filter>File\yaml-cpp</Filter>
    </ClInclude>
    <ClInclude Include="Source\File\yaml-cpp\exceptions.h">
      <Filter>File\yaml-cpp</Filter>
    </ClInclude>
    <ClInclude Include="Source\File\yaml-cpp\mark.h">
      <Filter>File\yaml-cpp</Filter>
    </ClInclude>
    <ClInclude Include="Source\File\yaml-cpp\noncopyable.h">
      <Filter>File\yaml-cpp</Filter>
    </ClInclude>
    <ClInclude Include="Source\File\yaml-cpp\null.h">
      <Filter>File\yaml-cpp</Filter>
    </ClInclude>
    <ClInclude Include="Source\File\yaml-cpp\ostream_wrapper.h">
      <Filter>File\yaml-cpp</Filter>
    </ClInclude>
    <ClInclude Include="Source\File\yaml-cpp\parser.h">
      <Filter>File\yaml-cpp</Filter>
    </ClInclude>
    <ClInclude Include="Source\File\yaml-cpp\stlemitter.h">
      <Filter>File\yaml-cpp</Filter>
    </ClInclude>
    <ClInclude Include="Source\File\yaml-cpp\traits.h">
      <Filter>File\yaml-cpp</Filter>
    </ClInclude>
    <ClInclude Include="Source\File\yaml-cpp\yaml.h">
      <Filter>File\yaml-cpp</Filter>
    </ClInclude>
    <ClInclude Include="Source\File\yaml-cpp\contrib\anchordict.h">
      <Filter>File\yaml-cpp\contrib</Filter>
    </ClInclude>
    <ClInclude Include="Source\File\yaml-cpp\contrib\graphbuilder.h">
      <Filter>File\yaml-cpp\contrib</Filter>
    </ClInclude>
    <ClInclude Include="Source\File\yaml-cpp\node\convert.h">
      <Filter>File\yaml-cpp\node</Filter>
    </ClInclude>
    <ClInclude Include="Source\File\yaml-cpp\node\emit.h">
      <Filter>File\yaml-cpp\node</Filter>
    </ClInclude>
    <ClInclude Include="Source\File\yaml-cpp\node\impl.h">
      <Filter>File\yaml-cpp\node</Filter>
    </ClInclude>
    <ClInclude Include="Source\File\yaml-cpp\node\iterator.h">
      <Filter>File\yaml-cpp\node</Filter>
    </ClInclude>
    <ClInclude Include="Source\File\yaml-cpp\node\node.h">
      <Filter>File\yaml-cpp\node</Filter>
    </ClInclude>
    <ClInclude Include="Source\File\yaml-cpp\node\parse.h">
      <Filter>File\yaml-cpp\node</Filter>
    </ClInclude>
    <ClInclude Include="Source\File\yaml-cpp\node\ptr.h">
      <Filter>File\yaml-cpp\node</Filter>
    </ClInclude>
    <ClInclude Include="Source\File\yaml-cpp\node\type.h">
      <Filter>File\yaml-cpp\node</Filter>
    </ClInclude>
    <ClInclude Include="Source\File\yaml-cpp\node\detail\bool_type.h">
      <Filter>File\yaml-cpp\node\detail</Filter>
    </ClInclude>
    <ClInclude Include="Source\File\yaml-cpp\node\detail\impl.h">
      <Filter>File\yaml-cpp\node\detail</Filter>
    </ClInclude>
    <ClInclude Include="Source\File\yaml-cpp\node\detail\iterator.h">
      <Filter>File\yaml-cpp\node\detail</Filter>
    </ClInclude>
    <ClInclude Include="Source\File\yaml-cpp\node\detail\iterator_fwd.h">
      <Filter>File\yaml-cpp\node\detail</Filter>
    </ClInclude>
    <ClInclude Include="Source\File\yaml-cpp\node\detail\memory.h">
      <Filter>File\yaml-cpp\node\detail</Filter>
    </ClInclude>
    <ClInclude Include="Source\File\yaml-cpp\node\detail\node.h">
      <Filter>File\yaml-cpp\node\detail</Filter>
    </ClInclude>
    <ClInclude Include="Source\File\yaml-cpp\node\detail\node_data.h">
      <Filter>File\yaml-cpp\node\detail</Filter>
    </ClInclude>
    <ClInclude Include="Source\File\yaml-cpp\node\detail\node_iterator.h">
      <Filter>File\yaml-cpp\node\detail</Filter>
    </ClInclude>
    <ClInclude Include="Source\File\yaml-cpp\node\detail\node_ref.h">
      <Filter>File\yaml-cpp\node\detail</Filter>
    </ClInclude>
    <ClInclude Include="Source\Rendering\TCShader.h">
      <Filter>Rendering</Filter>
    </ClInclude>
    <ClInclude Include="Source\Math\TCPoint3D.h">
      <Filter>Math</Filter>
    </ClInclude>
    <ClInclude Include="Source\Math\TCVector3D.h">
      <Filter>Math</Filter>
    </ClInclude>
  </ItemGroup>
  <ItemGroup>
    <ClCompile Include="Source\Application\TCWindow.cpp">
      <Filter>Application</Filter>
    </ClCompile>
    <ClCompile Include="Source\Application\TCWindow.win32.cpp">
      <Filter>Application</Filter>
    </ClCompile>
    <ClCompile Include="Source\Math\TCPoint2D.cpp">
      <Filter>Math</Filter>
    </ClCompile>
    <ClCompile Include="Source\Math\TCBoundingBox2D.cpp">
      <Filter>Math</Filter>
    </ClCompile>
    <ClCompile Include="Source\Utilities\Strings\TCString.cpp">
      <Filter>Utilities\Strings</Filter>
    </ClCompile>
    <ClCompile Include="Source\Utilities\Strings\TCStringUtils.cpp">
      <Filter>Utilities\Strings</Filter>
    </ClCompile>
    <ClCompile Include="Source\Collections\TCList.hpp">
      <Filter>Collections</Filter>
    </ClCompile>
    <ClCompile Include="Source\Utilities\Debugging\TCLogger.cpp">
      <Filter>Utilities\Debugging</Filter>
    </ClCompile>
    <ClCompile Include="Source\Unit Testing\TCUnitTest.cpp">
      <Filter>Unit Testing</Filter>
    </ClCompile>
    <ClCompile Include="Source\Unit Testing\TCUnitTestManager.cpp">
      <Filter>Unit Testing</Filter>
    </ClCompile>
    <ClCompile Include="Source\Unit Testing\Unit Tests\TCList_UnitTest.cpp">
      <Filter>Unit Testing\Unit Tests</Filter>
    </ClCompile>
    <ClCompile Include="Source\Collections\TCHashFunctions.cpp">
      <Filter>Collections</Filter>
    </ClCompile>
    <ClCompile Include="Source\Collections\TCHashTable.hpp">
      <Filter>Collections</Filter>
    </ClCompile>
    <ClCompile Include="Source\Unit Testing\Unit Tests\TCHashTable_UnitTest.cpp">
      <Filter>Unit Testing\Unit Tests</Filter>
    </ClCompile>
    <ClCompile Include="Source\Math\TCMathUtils.cpp">
      <Filter>Math</Filter>
    </ClCompile>
    <ClCompile Include="Source\Communication\TCEventListener.cpp">
      <Filter>Communication</Filter>
    </ClCompile>
    <ClCompile Include="Source\Communication\TCEventDispatcher.cpp">
      <Filter>Communication</Filter>
    </ClCompile>
    <ClCompile Include="Source\Application\TCApplication.cpp">
      <Filter>Application</Filter>
    </ClCompile>
    <ClCompile Include="Source\Unit Testing\Unit Tests\TCString_UnitTest.cpp">
      <Filter>Unit Testing\Unit Tests</Filter>
    </ClCompile>
    <ClCompile Include="Source\Math\TCVector2D.cpp">
      <Filter>Math</Filter>
    </ClCompile>
    <ClCompile Include="Source\Input\TCMouseInput.cpp">
      <Filter>Input</Filter>
    </ClCompile>
    <ClCompile Include="Source\Input\TCMouseInput.win32.cpp">
      <Filter>Input</Filter>
    </ClCompile>
    <ClCompile Include="Source\Input\TCInputManager.cpp">
      <Filter>Input</Filter>
    </ClCompile>
    <ClCompile Include="Source\Input\TCInputManager.win32.cpp">
      <Filter>Input</Filter>
    </ClCompile>
    <ClCompile Include="Source\Input\TCKeyboardInput.cpp">
      <Filter>Input</Filter>
    </ClCompile>
    <ClCompile Include="Source\Input\TCKeyboardInput.win32.cpp">
      <Filter>Input</Filter>
    </ClCompile>
    <ClCompile Include="Source\File\TCFile.cpp">
      <Filter>File</Filter>
    </ClCompile>
    <ClCompile Include="Source\File\TCFileManager.cpp">
      <Filter>File</Filter>
    </ClCompile>
    <ClCompile Include="Source\File\TCFileManager.win32.cpp">
      <Filter>File</Filter>
    </ClCompile>
    <ClCompile Include="Source\File\TCFile.win32.cpp">
      <Filter>File</Filter>
    </ClCompile>
    <ClCompile Include="Source\Unit Testing\Unit Tests\TCFile_UnitTest.cpp">
      <Filter>Unit Testing\Unit Tests</Filter>
    </ClCompile>
    <ClCompile Include="Source\Threading\TCThreadWin32.cpp">
      <Filter>Threading</Filter>
    </ClCompile>
    <ClCompile Include="Source\Rendering\TCGraphicsContext.cpp">
      <Filter>Rendering</Filter>
    </ClCompile>
    <ClCompile Include="Source\Rendering\TCRenderer.cpp">
      <Filter>Rendering</Filter>
    </ClCompile>
    <ClCompile Include="Source\Rendering\OpenGL 4.0\TCGraphicsContext_OGL.cpp">
      <Filter>Rendering\OpenGL 4.x</Filter>
    </ClCompile>
    <ClCompile Include="Source\Rendering\DirectX 11\TCGraphicsContext_DX11.cpp">
      <Filter>Rendering\DirectX 11</Filter>
    </ClCompile>
    <ClCompile Include="Source\Rendering\TCVertexFormat.cpp">
      <Filter>Rendering</Filter>
    </ClCompile>
    <ClCompile Include="Source\Rendering\IGraphicsResource.cpp">
      <Filter>Rendering</Filter>
    </ClCompile>
    <ClCompile Include="Source\Rendering\IGraphicsBuffer.cpp">
      <Filter>Rendering</Filter>
    </ClCompile>
    <ClCompile Include="Source\Rendering\TCVertexBuffer.cpp">
      <Filter>Rendering</Filter>
    </ClCompile>
    <ClCompile Include="Source\Utilities\Memory\TCMemUtils.cpp">
      <Filter>Utilities\Memory</Filter>
    </ClCompile>
    <ClCompile Include="Source\Rendering\TCIndexBuffer.cpp">
      <Filter>Rendering</Filter>
    </ClCompile>
    <ClCompile Include="Source\Rendering\DirectX 11\TCBufferContext_DX11.cpp">
      <Filter>Rendering\DirectX 11</Filter>
    </ClCompile>
    <ClCompile Include="Source\Rendering\DirectX 11\TCShaderContext_DX11.cpp">
      <Filter>Rendering\DirectX 11</Filter>
    </ClCompile>
    <ClCompile Include="Source\Rendering\TCShader.cpp">
      <Filter>Rendering</Filter>
    </ClCompile>
    <ClCompile Include="Source\Rendering\TCShaderProgram.cpp">
      <Filter>Rendering</Filter>
    </ClCompile>
    <ClCompile Include="Source\Rendering\TCShaderUniform.cpp">
      <Filter>Rendering</Filter>
    </ClCompile>
    <ClCompile Include="Source\Rendering\TCConstantBuffer.cpp">
      <Filter>Rendering</Filter>
    </ClCompile>
    <ClCompile Include="Source\Rendering\TCShaderAttribute.cpp">
      <Filter>Rendering</Filter>
    </ClCompile>
    <ClCompile Include="Source\File\TCShaderImporter.cpp">
      <Filter>File</Filter>
    </ClCompile>
    <ClCompile Include="Source\Application\TCResultCode.cpp">
      <Filter>Application</Filter>
    </ClCompile>
    <ClCompile Include="Source\Math\TCPoint3D.cpp">
      <Filter>Math</Filter>
    </ClCompile>
    <ClCompile Include="Source\Math\TCVector3D.cpp">
      <Filter>Math</Filter>
    </ClCompile>
  </ItemGroup>
</Project>